// !$*UTF8*$!
{
	archiveVersion = 1;
	classes = {
	};
	objectVersion = 50;
	objects = {

/* Begin PBXBuildFile section */
		042BA8632586A63F00BEE68B /* AppDelegate.swift in Sources */ = {isa = PBXBuildFile; fileRef = 042BA8622586A63F00BEE68B /* AppDelegate.swift */; };
		042BA8652586A63F00BEE68B /* SceneDelegate.swift in Sources */ = {isa = PBXBuildFile; fileRef = 042BA8642586A63F00BEE68B /* SceneDelegate.swift */; };
		042BA8672586A63F00BEE68B /* ViewController.swift in Sources */ = {isa = PBXBuildFile; fileRef = 042BA8662586A63F00BEE68B /* ViewController.swift */; };
		042BA86C2586A64000BEE68B /* Assets.xcassets in Resources */ = {isa = PBXBuildFile; fileRef = 042BA86B2586A64000BEE68B /* Assets.xcassets */; };
		042BA86F2586A64000BEE68B /* LaunchScreen.storyboard in Resources */ = {isa = PBXBuildFile; fileRef = 042BA86D2586A64000BEE68B /* LaunchScreen.storyboard */; };
		042BA87A2586A64000BEE68B /* LovelyDayTests.swift in Sources */ = {isa = PBXBuildFile; fileRef = 042BA8792586A64000BEE68B /* LovelyDayTests.swift */; };
		042BA8852586A64000BEE68B /* LovelyDayUITests.swift in Sources */ = {isa = PBXBuildFile; fileRef = 042BA8842586A64000BEE68B /* LovelyDayUITests.swift */; };
/* End PBXBuildFile section */

/* Begin PBXContainerItemProxy section */
		042BA8762586A64000BEE68B /* PBXContainerItemProxy */ = {
			isa = PBXContainerItemProxy;
			containerPortal = 042BA8572586A63F00BEE68B /* Project object */;
			proxyType = 1;
			remoteGlobalIDString = 042BA85E2586A63F00BEE68B;
			remoteInfo = LovelyDay;
		};
		042BA8812586A64000BEE68B /* PBXContainerItemProxy */ = {
			isa = PBXContainerItemProxy;
			containerPortal = 042BA8572586A63F00BEE68B /* Project object */;
			proxyType = 1;
			remoteGlobalIDString = 042BA85E2586A63F00BEE68B;
			remoteInfo = LovelyDay;
		};
/* End PBXContainerItemProxy section */

/* Begin PBXFileReference section */
		042BA85F2586A63F00BEE68B /* LovelyDay.app */ = {isa = PBXFileReference; explicitFileType = wrapper.application; includeInIndex = 0; path = LovelyDay.app; sourceTree = BUILT_PRODUCTS_DIR; };
		042BA8622586A63F00BEE68B /* AppDelegate.swift */ = {isa = PBXFileReference; lastKnownFileType = sourcecode.swift; path = AppDelegate.swift; sourceTree = "<group>"; };
		042BA8642586A63F00BEE68B /* SceneDelegate.swift */ = {isa = PBXFileReference; lastKnownFileType = sourcecode.swift; path = SceneDelegate.swift; sourceTree = "<group>"; };
		042BA8662586A63F00BEE68B /* ViewController.swift */ = {isa = PBXFileReference; lastKnownFileType = sourcecode.swift; path = ViewController.swift; sourceTree = "<group>"; };
		042BA86B2586A64000BEE68B /* Assets.xcassets */ = {isa = PBXFileReference; lastKnownFileType = folder.assetcatalog; path = Assets.xcassets; sourceTree = "<group>"; };
		042BA86E2586A64000BEE68B /* Base */ = {isa = PBXFileReference; lastKnownFileType = file.storyboard; name = Base; path = Base.lproj/LaunchScreen.storyboard; sourceTree = "<group>"; };
		042BA8702586A64000BEE68B /* Info.plist */ = {isa = PBXFileReference; lastKnownFileType = text.plist.xml; path = Info.plist; sourceTree = "<group>"; };
		042BA8752586A64000BEE68B /* LovelyDayTests.xctest */ = {isa = PBXFileReference; explicitFileType = wrapper.cfbundle; includeInIndex = 0; path = LovelyDayTests.xctest; sourceTree = BUILT_PRODUCTS_DIR; };
		042BA8792586A64000BEE68B /* LovelyDayTests.swift */ = {isa = PBXFileReference; lastKnownFileType = sourcecode.swift; path = LovelyDayTests.swift; sourceTree = "<group>"; };
		042BA87B2586A64000BEE68B /* Info.plist */ = {isa = PBXFileReference; lastKnownFileType = text.plist.xml; path = Info.plist; sourceTree = "<group>"; };
		042BA8802586A64000BEE68B /* LovelyDayUITests.xctest */ = {isa = PBXFileReference; explicitFileType = wrapper.cfbundle; includeInIndex = 0; path = LovelyDayUITests.xctest; sourceTree = BUILT_PRODUCTS_DIR; };
		042BA8842586A64000BEE68B /* LovelyDayUITests.swift */ = {isa = PBXFileReference; lastKnownFileType = sourcecode.swift; path = LovelyDayUITests.swift; sourceTree = "<group>"; };
		042BA8862586A64000BEE68B /* Info.plist */ = {isa = PBXFileReference; lastKnownFileType = text.plist.xml; path = Info.plist; sourceTree = "<group>"; };
/* End PBXFileReference section */

/* Begin PBXFrameworksBuildPhase section */
		042BA85C2586A63F00BEE68B /* Frameworks */ = {
			isa = PBXFrameworksBuildPhase;
			buildActionMask = 2147483647;
			files = (
			);
			runOnlyForDeploymentPostprocessing = 0;
		};
		042BA8722586A64000BEE68B /* Frameworks */ = {
			isa = PBXFrameworksBuildPhase;
			buildActionMask = 2147483647;
			files = (
			);
			runOnlyForDeploymentPostprocessing = 0;
		};
		042BA87D2586A64000BEE68B /* Frameworks */ = {
			isa = PBXFrameworksBuildPhase;
			buildActionMask = 2147483647;
			files = (
			);
			runOnlyForDeploymentPostprocessing = 0;
		};
/* End PBXFrameworksBuildPhase section */

/* Begin PBXGroup section */
		042BA8562586A63F00BEE68B = {
			isa = PBXGroup;
			children = (
				042BA8612586A63F00BEE68B /* LovelyDay */,
				042BA8782586A64000BEE68B /* LovelyDayTests */,
				042BA8832586A64000BEE68B /* LovelyDayUITests */,
				042BA8602586A63F00BEE68B /* Products */,
			);
			sourceTree = "<group>";
		};
		042BA8602586A63F00BEE68B /* Products */ = {
			isa = PBXGroup;
			children = (
				042BA85F2586A63F00BEE68B /* LovelyDay.app */,
				042BA8752586A64000BEE68B /* LovelyDayTests.xctest */,
				042BA8802586A64000BEE68B /* LovelyDayUITests.xctest */,
			);
			name = Products;
			sourceTree = "<group>";
		};
		042BA8612586A63F00BEE68B /* LovelyDay */ = {
			isa = PBXGroup;
			children = (
				042BA8622586A63F00BEE68B /* AppDelegate.swift */,
				042BA8642586A63F00BEE68B /* SceneDelegate.swift */,
				042BA8662586A63F00BEE68B /* ViewController.swift */,
				042BA86B2586A64000BEE68B /* Assets.xcassets */,
				042BA86D2586A64000BEE68B /* LaunchScreen.storyboard */,
				042BA8702586A64000BEE68B /* Info.plist */,
			);
			path = LovelyDay;
			sourceTree = "<group>";
		};
		042BA8782586A64000BEE68B /* LovelyDayTests */ = {
			isa = PBXGroup;
			children = (
				042BA8792586A64000BEE68B /* LovelyDayTests.swift */,
				042BA87B2586A64000BEE68B /* Info.plist */,
			);
			path = LovelyDayTests;
			sourceTree = "<group>";
		};
		042BA8832586A64000BEE68B /* LovelyDayUITests */ = {
			isa = PBXGroup;
			children = (
				042BA8842586A64000BEE68B /* LovelyDayUITests.swift */,
				042BA8862586A64000BEE68B /* Info.plist */,
			);
			path = LovelyDayUITests;
			sourceTree = "<group>";
		};
/* End PBXGroup section */

/* Begin PBXNativeTarget section */
		042BA85E2586A63F00BEE68B /* LovelyDay */ = {
			isa = PBXNativeTarget;
			buildConfigurationList = 042BA8892586A64000BEE68B /* Build configuration list for PBXNativeTarget "LovelyDay" */;
			buildPhases = (
				042BA85B2586A63F00BEE68B /* Sources */,
				042BA85C2586A63F00BEE68B /* Frameworks */,
				042BA85D2586A63F00BEE68B /* Resources */,
			);
			buildRules = (
			);
			dependencies = (
			);
			name = LovelyDay;
			productName = LovelyDay;
			productReference = 042BA85F2586A63F00BEE68B /* LovelyDay.app */;
			productType = "com.apple.product-type.application";
		};
		042BA8742586A64000BEE68B /* LovelyDayTests */ = {
			isa = PBXNativeTarget;
			buildConfigurationList = 042BA88C2586A64000BEE68B /* Build configuration list for PBXNativeTarget "LovelyDayTests" */;
			buildPhases = (
				042BA8712586A64000BEE68B /* Sources */,
				042BA8722586A64000BEE68B /* Frameworks */,
				042BA8732586A64000BEE68B /* Resources */,
			);
			buildRules = (
			);
			dependencies = (
				042BA8772586A64000BEE68B /* PBXTargetDependency */,
			);
			name = LovelyDayTests;
			productName = LovelyDayTests;
			productReference = 042BA8752586A64000BEE68B /* LovelyDayTests.xctest */;
			productType = "com.apple.product-type.bundle.unit-test";
		};
		042BA87F2586A64000BEE68B /* LovelyDayUITests */ = {
			isa = PBXNativeTarget;
			buildConfigurationList = 042BA88F2586A64000BEE68B /* Build configuration list for PBXNativeTarget "LovelyDayUITests" */;
			buildPhases = (
				042BA87C2586A64000BEE68B /* Sources */,
				042BA87D2586A64000BEE68B /* Frameworks */,
				042BA87E2586A64000BEE68B /* Resources */,
			);
			buildRules = (
			);
			dependencies = (
				042BA8822586A64000BEE68B /* PBXTargetDependency */,
			);
			name = LovelyDayUITests;
			productName = LovelyDayUITests;
			productReference = 042BA8802586A64000BEE68B /* LovelyDayUITests.xctest */;
			productType = "com.apple.product-type.bundle.ui-testing";
		};
/* End PBXNativeTarget section */

/* Begin PBXProject section */
		042BA8572586A63F00BEE68B /* Project object */ = {
			isa = PBXProject;
			attributes = {
				LastSwiftUpdateCheck = 1220;
				LastUpgradeCheck = 1220;
				TargetAttributes = {
					042BA85E2586A63F00BEE68B = {
						CreatedOnToolsVersion = 12.2;
					};
					042BA8742586A64000BEE68B = {
						CreatedOnToolsVersion = 12.2;
						TestTargetID = 042BA85E2586A63F00BEE68B;
					};
					042BA87F2586A64000BEE68B = {
						CreatedOnToolsVersion = 12.2;
						TestTargetID = 042BA85E2586A63F00BEE68B;
					};
				};
			};
			buildConfigurationList = 042BA85A2586A63F00BEE68B /* Build configuration list for PBXProject "LovelyDay" */;
			compatibilityVersion = "Xcode 9.3";
			developmentRegion = en;
			hasScannedForEncodings = 0;
			knownRegions = (
				en,
				Base,
			);
			mainGroup = 042BA8562586A63F00BEE68B;
			productRefGroup = 042BA8602586A63F00BEE68B /* Products */;
			projectDirPath = "";
			projectRoot = "";
			targets = (
				042BA85E2586A63F00BEE68B /* LovelyDay */,
				042BA8742586A64000BEE68B /* LovelyDayTests */,
				042BA87F2586A64000BEE68B /* LovelyDayUITests */,
			);
		};
/* End PBXProject section */

/* Begin PBXResourcesBuildPhase section */
		042BA85D2586A63F00BEE68B /* Resources */ = {
			isa = PBXResourcesBuildPhase;
			buildActionMask = 2147483647;
			files = (
				042BA86F2586A64000BEE68B /* LaunchScreen.storyboard in Resources */,
				042BA86C2586A64000BEE68B /* Assets.xcassets in Resources */,
			);
			runOnlyForDeploymentPostprocessing = 0;
		};
		042BA8732586A64000BEE68B /* Resources */ = {
			isa = PBXResourcesBuildPhase;
			buildActionMask = 2147483647;
			files = (
			);
			runOnlyForDeploymentPostprocessing = 0;
		};
		042BA87E2586A64000BEE68B /* Resources */ = {
			isa = PBXResourcesBuildPhase;
			buildActionMask = 2147483647;
			files = (
			);
			runOnlyForDeploymentPostprocessing = 0;
		};
/* End PBXResourcesBuildPhase section */

/* Begin PBXSourcesBuildPhase section */
		042BA85B2586A63F00BEE68B /* Sources */ = {
			isa = PBXSourcesBuildPhase;
			buildActionMask = 2147483647;
			files = (
				042BA8672586A63F00BEE68B /* ViewController.swift in Sources */,
				042BA8632586A63F00BEE68B /* AppDelegate.swift in Sources */,
				042BA8652586A63F00BEE68B /* SceneDelegate.swift in Sources */,
			);
			runOnlyForDeploymentPostprocessing = 0;
		};
		042BA8712586A64000BEE68B /* Sources */ = {
			isa = PBXSourcesBuildPhase;
			buildActionMask = 2147483647;
			files = (
				042BA87A2586A64000BEE68B /* LovelyDayTests.swift in Sources */,
			);
			runOnlyForDeploymentPostprocessing = 0;
		};
		042BA87C2586A64000BEE68B /* Sources */ = {
			isa = PBXSourcesBuildPhase;
			buildActionMask = 2147483647;
			files = (
				042BA8852586A64000BEE68B /* LovelyDayUITests.swift in Sources */,
			);
			runOnlyForDeploymentPostprocessing = 0;
		};
/* End PBXSourcesBuildPhase section */

/* Begin PBXTargetDependency section */
		042BA8772586A64000BEE68B /* PBXTargetDependency */ = {
			isa = PBXTargetDependency;
			target = 042BA85E2586A63F00BEE68B /* LovelyDay */;
			targetProxy = 042BA8762586A64000BEE68B /* PBXContainerItemProxy */;
		};
		042BA8822586A64000BEE68B /* PBXTargetDependency */ = {
			isa = PBXTargetDependency;
			target = 042BA85E2586A63F00BEE68B /* LovelyDay */;
			targetProxy = 042BA8812586A64000BEE68B /* PBXContainerItemProxy */;
		};
/* End PBXTargetDependency section */

/* Begin PBXVariantGroup section */
		042BA86D2586A64000BEE68B /* LaunchScreen.storyboard */ = {
			isa = PBXVariantGroup;
			children = (
				042BA86E2586A64000BEE68B /* Base */,
			);
			name = LaunchScreen.storyboard;
			sourceTree = "<group>";
		};
/* End PBXVariantGroup section */

/* Begin XCBuildConfiguration section */
		042BA8872586A64000BEE68B /* Debug */ = {
			isa = XCBuildConfiguration;
			buildSettings = {
				ALWAYS_SEARCH_USER_PATHS = NO;
				CLANG_ANALYZER_NONNULL = YES;
				CLANG_ANALYZER_NUMBER_OBJECT_CONVERSION = YES_AGGRESSIVE;
				CLANG_CXX_LANGUAGE_STANDARD = "gnu++14";
				CLANG_CXX_LIBRARY = "libc++";
				CLANG_ENABLE_MODULES = YES;
				CLANG_ENABLE_OBJC_ARC = YES;
				CLANG_ENABLE_OBJC_WEAK = YES;
				CLANG_WARN_BLOCK_CAPTURE_AUTORELEASING = YES;
				CLANG_WARN_BOOL_CONVERSION = YES;
				CLANG_WARN_COMMA = YES;
				CLANG_WARN_CONSTANT_CONVERSION = YES;
				CLANG_WARN_DEPRECATED_OBJC_IMPLEMENTATIONS = YES;
				CLANG_WARN_DIRECT_OBJC_ISA_USAGE = YES_ERROR;
				CLANG_WARN_DOCUMENTATION_COMMENTS = YES;
				CLANG_WARN_EMPTY_BODY = YES;
				CLANG_WARN_ENUM_CONVERSION = YES;
				CLANG_WARN_INFINITE_RECURSION = YES;
				CLANG_WARN_INT_CONVERSION = YES;
				CLANG_WARN_NON_LITERAL_NULL_CONVERSION = YES;
				CLANG_WARN_OBJC_IMPLICIT_RETAIN_SELF = YES;
				CLANG_WARN_OBJC_LITERAL_CONVERSION = YES;
				CLANG_WARN_OBJC_ROOT_CLASS = YES_ERROR;
				CLANG_WARN_QUOTED_INCLUDE_IN_FRAMEWORK_HEADER = YES;
				CLANG_WARN_RANGE_LOOP_ANALYSIS = YES;
				CLANG_WARN_STRICT_PROTOTYPES = YES;
				CLANG_WARN_SUSPICIOUS_MOVE = YES;
				CLANG_WARN_UNGUARDED_AVAILABILITY = YES_AGGRESSIVE;
				CLANG_WARN_UNREACHABLE_CODE = YES;
				CLANG_WARN__DUPLICATE_METHOD_MATCH = YES;
				COPY_PHASE_STRIP = NO;
				DEBUG_INFORMATION_FORMAT = dwarf;
				ENABLE_STRICT_OBJC_MSGSEND = YES;
				ENABLE_TESTABILITY = YES;
				GCC_C_LANGUAGE_STANDARD = gnu11;
				GCC_DYNAMIC_NO_PIC = NO;
				GCC_NO_COMMON_BLOCKS = YES;
				GCC_OPTIMIZATION_LEVEL = 0;
				GCC_PREPROCESSOR_DEFINITIONS = (
					"DEBUG=1",
					"$(inherited)",
				);
				GCC_WARN_64_TO_32_BIT_CONVERSION = YES;
				GCC_WARN_ABOUT_RETURN_TYPE = YES_ERROR;
				GCC_WARN_UNDECLARED_SELECTOR = YES;
				GCC_WARN_UNINITIALIZED_AUTOS = YES_AGGRESSIVE;
				GCC_WARN_UNUSED_FUNCTION = YES;
				GCC_WARN_UNUSED_VARIABLE = YES;
				IPHONEOS_DEPLOYMENT_TARGET = 14.2;
				MTL_ENABLE_DEBUG_INFO = INCLUDE_SOURCE;
				MTL_FAST_MATH = YES;
				ONLY_ACTIVE_ARCH = YES;
				SDKROOT = iphoneos;
				SWIFT_ACTIVE_COMPILATION_CONDITIONS = DEBUG;
				SWIFT_OPTIMIZATION_LEVEL = "-Onone";
			};
			name = Debug;
		};
		042BA8882586A64000BEE68B /* Release */ = {
			isa = XCBuildConfiguration;
			buildSettings = {
				ALWAYS_SEARCH_USER_PATHS = NO;
				CLANG_ANALYZER_NONNULL = YES;
				CLANG_ANALYZER_NUMBER_OBJECT_CONVERSION = YES_AGGRESSIVE;
				CLANG_CXX_LANGUAGE_STANDARD = "gnu++14";
				CLANG_CXX_LIBRARY = "libc++";
				CLANG_ENABLE_MODULES = YES;
				CLANG_ENABLE_OBJC_ARC = YES;
				CLANG_ENABLE_OBJC_WEAK = YES;
				CLANG_WARN_BLOCK_CAPTURE_AUTORELEASING = YES;
				CLANG_WARN_BOOL_CONVERSION = YES;
				CLANG_WARN_COMMA = YES;
				CLANG_WARN_CONSTANT_CONVERSION = YES;
				CLANG_WARN_DEPRECATED_OBJC_IMPLEMENTATIONS = YES;
				CLANG_WARN_DIRECT_OBJC_ISA_USAGE = YES_ERROR;
				CLANG_WARN_DOCUMENTATION_COMMENTS = YES;
				CLANG_WARN_EMPTY_BODY = YES;
				CLANG_WARN_ENUM_CONVERSION = YES;
				CLANG_WARN_INFINITE_RECURSION = YES;
				CLANG_WARN_INT_CONVERSION = YES;
				CLANG_WARN_NON_LITERAL_NULL_CONVERSION = YES;
				CLANG_WARN_OBJC_IMPLICIT_RETAIN_SELF = YES;
				CLANG_WARN_OBJC_LITERAL_CONVERSION = YES;
				CLANG_WARN_OBJC_ROOT_CLASS = YES_ERROR;
				CLANG_WARN_QUOTED_INCLUDE_IN_FRAMEWORK_HEADER = YES;
				CLANG_WARN_RANGE_LOOP_ANALYSIS = YES;
				CLANG_WARN_STRICT_PROTOTYPES = YES;
				CLANG_WARN_SUSPICIOUS_MOVE = YES;
				CLANG_WARN_UNGUARDED_AVAILABILITY = YES_AGGRESSIVE;
				CLANG_WARN_UNREACHABLE_CODE = YES;
				CLANG_WARN__DUPLICATE_METHOD_MATCH = YES;
				COPY_PHASE_STRIP = NO;
				DEBUG_INFORMATION_FORMAT = "dwarf-with-dsym";
				ENABLE_NS_ASSERTIONS = NO;
				ENABLE_STRICT_OBJC_MSGSEND = YES;
				GCC_C_LANGUAGE_STANDARD = gnu11;
				GCC_NO_COMMON_BLOCKS = YES;
				GCC_WARN_64_TO_32_BIT_CONVERSION = YES;
				GCC_WARN_ABOUT_RETURN_TYPE = YES_ERROR;
				GCC_WARN_UNDECLARED_SELECTOR = YES;
				GCC_WARN_UNINITIALIZED_AUTOS = YES_AGGRESSIVE;
				GCC_WARN_UNUSED_FUNCTION = YES;
				GCC_WARN_UNUSED_VARIABLE = YES;
				IPHONEOS_DEPLOYMENT_TARGET = 14.2;
				MTL_ENABLE_DEBUG_INFO = NO;
				MTL_FAST_MATH = YES;
				SDKROOT = iphoneos;
				SWIFT_COMPILATION_MODE = wholemodule;
				SWIFT_OPTIMIZATION_LEVEL = "-O";
				VALIDATE_PRODUCT = YES;
			};
			name = Release;
		};
		042BA88A2586A64000BEE68B /* Debug */ = {
			isa = XCBuildConfiguration;
			buildSettings = {
				ASSETCATALOG_COMPILER_APPICON_NAME = AppIcon;
				ASSETCATALOG_COMPILER_GLOBAL_ACCENT_COLOR_NAME = AccentColor;
				CODE_SIGN_STYLE = Automatic;
				DEVELOPMENT_TEAM = Y4CJ5A6WXU;
				INFOPLIST_FILE = LovelyDay/Info.plist;
				LD_RUNPATH_SEARCH_PATHS = (
					"$(inherited)",
					"@executable_path/Frameworks",
				);
				PRODUCT_BUNDLE_IDENTIFIER = za.co.tman.LovelyDay;
				PRODUCT_NAME = "$(TARGET_NAME)";
				SWIFT_VERSION = 5.0;
				TARGETED_DEVICE_FAMILY = "1,2";
			};
			name = Debug;
		};
		042BA88B2586A64000BEE68B /* Release */ = {
			isa = XCBuildConfiguration;
			buildSettings = {
				ASSETCATALOG_COMPILER_APPICON_NAME = AppIcon;
				ASSETCATALOG_COMPILER_GLOBAL_ACCENT_COLOR_NAME = AccentColor;
				CODE_SIGN_STYLE = Automatic;
				DEVELOPMENT_TEAM = Y4CJ5A6WXU;
				INFOPLIST_FILE = LovelyDay/Info.plist;
				LD_RUNPATH_SEARCH_PATHS = (
					"$(inherited)",
					"@executable_path/Frameworks",
				);
				PRODUCT_BUNDLE_IDENTIFIER = za.co.tman.LovelyDay;
				PRODUCT_NAME = "$(TARGET_NAME)";
				SWIFT_VERSION = 5.0;
				TARGETED_DEVICE_FAMILY = "1,2";
			};
			name = Release;
		};
		042BA88D2586A64000BEE68B /* Debug */ = {
			isa = XCBuildConfiguration;
			buildSettings = {
				ALWAYS_EMBED_SWIFT_STANDARD_LIBRARIES = YES;
				BUNDLE_LOADER = "$(TEST_HOST)";
				CODE_SIGN_STYLE = Automatic;
				DEVELOPMENT_TEAM = Y4CJ5A6WXU;
				INFOPLIST_FILE = LovelyDayTests/Info.plist;
				IPHONEOS_DEPLOYMENT_TARGET = 14.2;
				LD_RUNPATH_SEARCH_PATHS = (
					"$(inherited)",
					"@executable_path/Frameworks",
					"@loader_path/Frameworks",
				);
				PRODUCT_BUNDLE_IDENTIFIER = za.co.tman.LovelyDayTests;
				PRODUCT_NAME = "$(TARGET_NAME)";
				SWIFT_VERSION = 5.0;
				TARGETED_DEVICE_FAMILY = "1,2";
				TEST_HOST = "$(BUILT_PRODUCTS_DIR)/LovelyDay.app/LovelyDay";
			};
			name = Debug;
		};
		042BA88E2586A64000BEE68B /* Release */ = {
			isa = XCBuildConfiguration;
			buildSettings = {
				ALWAYS_EMBED_SWIFT_STANDARD_LIBRARIES = YES;
				BUNDLE_LOADER = "$(TEST_HOST)";
				CODE_SIGN_STYLE = Automatic;
				DEVELOPMENT_TEAM = Y4CJ5A6WXU;
				INFOPLIST_FILE = LovelyDayTests/Info.plist;
				IPHONEOS_DEPLOYMENT_TARGET = 14.2;
				LD_RUNPATH_SEARCH_PATHS = (
					"$(inherited)",
					"@executable_path/Frameworks",
					"@loader_path/Frameworks",
				);
				PRODUCT_BUNDLE_IDENTIFIER = za.co.tman.LovelyDayTests;
				PRODUCT_NAME = "$(TARGET_NAME)";
				SWIFT_VERSION = 5.0;
				TARGETED_DEVICE_FAMILY = "1,2";
				TEST_HOST = "$(BUILT_PRODUCTS_DIR)/LovelyDay.app/LovelyDay";
			};
			name = Release;
		};
		042BA8902586A64000BEE68B /* Debug */ = {
			isa = XCBuildConfiguration;
			buildSettings = {
				ALWAYS_EMBED_SWIFT_STANDARD_LIBRARIES = YES;
				CODE_SIGN_STYLE = Automatic;
				DEVELOPMENT_TEAM = Y4CJ5A6WXU;
				INFOPLIST_FILE = LovelyDayUITests/Info.plist;
				LD_RUNPATH_SEARCH_PATHS = (
					"$(inherited)",
					"@executable_path/Frameworks",
					"@loader_path/Frameworks",
				);
				PRODUCT_BUNDLE_IDENTIFIER = za.co.tman.LovelyDayUITests;
				PRODUCT_NAME = "$(TARGET_NAME)";
				SWIFT_VERSION = 5.0;
				TARGETED_DEVICE_FAMILY = "1,2";
				TEST_TARGET_NAME = LovelyDay;
			};
			name = Debug;
		};
		042BA8912586A64000BEE68B /* Release */ = {
			isa = XCBuildConfiguration;
			buildSettings = {
				ALWAYS_EMBED_SWIFT_STANDARD_LIBRARIES = YES;
				CODE_SIGN_STYLE = Automatic;
				DEVELOPMENT_TEAM = Y4CJ5A6WXU;
				INFOPLIST_FILE = LovelyDayUITests/Info.plist;
				LD_RUNPATH_SEARCH_PATHS = (
					"$(inherited)",
					"@executable_path/Frameworks",
					"@loader_path/Frameworks",
				);
				PRODUCT_BUNDLE_IDENTIFIER = za.co.tman.LovelyDayUITests;
				PRODUCT_NAME = "$(TARGET_NAME)";
				SWIFT_VERSION = 5.0;
				TARGETED_DEVICE_FAMILY = "1,2";
				TEST_TARGET_NAME = LovelyDay;
			};
			name = Release;
		};
/* End XCBuildConfiguration section */

/* Begin XCConfigurationList section */
		042BA85A2586A63F00BEE68B /* Build configuration list for PBXProject "LovelyDay" */ = {
			isa = XCConfigurationList;
			buildConfigurations = (
				042BA8872586A64000BEE68B /* Debug */,
				042BA8882586A64000BEE68B /* Release */,
			);
			defaultConfigurationIsVisible = 0;
			defaultConfigurationName = Release;
		};
		042BA8892586A64000BEE68B /* Build configuration list for PBXNativeTarget "LovelyDay" */ = {
			isa = XCConfigurationList;
			buildConfigurations = (
				042BA88A2586A64000BEE68B /* Debug */,
				042BA88B2586A64000BEE68B /* Release */,
			);
			defaultConfigurationIsVisible = 0;
			defaultConfigurationName = Release;
		};
		042BA88C2586A64000BEE68B /* Build configuration list for PBXNativeTarget "LovelyDayTests" */ = {
			isa = XCConfigurationList;
			buildConfigurations = (
				042BA88D2586A64000BEE68B /* Debug */,
				042BA88E2586A64000BEE68B /* Release */,
			);
			defaultConfigurationIsVisible = 0;
			defaultConfigurationName = Release;
		};
		042BA88F2586A64000BEE68B /* Build configuration list for PBXNativeTarget "LovelyDayUITests" */ = {
			isa = XCConfigurationList;
			buildConfigurations = (
				042BA8902586A64000BEE68B /* Debug */,
				042BA8912586A64000BEE68B /* Release */,
			);
			defaultConfigurationIsVisible = 0;
			defaultConfigurationName = Release;
		};
/* End XCConfigurationList section */
	};
	rootObject = 042BA8572586A63F00BEE68B /* Project object */;
}
